
Microsoft Visual Studio Solution File, Format Version 12.00
# Visual Studio Version 17
VisualStudioVersion = 17.14.36401.2 d17.14
MinimumVisualStudioVersion = 10.0.40219.1
Project("{FAE04EC0-301F-11D3-BF4B-00C04F79EFBC}") = "pythonDotNet", "pythonDotNet.csproj", "{6370247A-D59A-4227-8304-E41A9D095EFE}"
EndProject
Global
	GlobalSection(SolutionConfigurationPlatforms) = preSolution
		Debug|Any CPU = Debug|Any CPU
		Release|Any CPU = Release|Any CPU
	EndGlobalSection
	GlobalSection(ProjectConfigurationPlatforms) = postSolution
		{6370247A-D59A-4227-8304-E41A9D095EFE}.Debug|Any CPU.ActiveCfg = Debug|Any CPU
		{6370247A-D59A-4227-8304-E41A9D095EFE}.Debug|Any CPU.Build.0 = Debug|Any CPU
		{6370247A-D59A-4227-8304-E41A9D095EFE}.Release|Any CPU.ActiveCfg = Release|Any CPU
		{6370247A-D59A-4227-8304-E41A9D095EFE}.Release|Any CPU.Build.0 = Release|Any CPU
	EndGlobalSection
	GlobalSection(SolutionProperties) = preSolution
		HideSolutionNode = FALSE
	EndGlobalSection
	GlobalSection(ExtensibilityGlobals) = postSolution
		SolutionGuid = {4667CB0B-000A-4930-A673-A068AF4E41A9}
	EndGlobalSection
EndGlobal
